{
    "requires": true,
    "lockfileVersion": 1,
    "dependencies": {
        "@types/node": {
            "version": "10.12.2",
            "resolved": "https://registry.npmjs.org/@types/node/-/node-10.12.2.tgz",
            "integrity": "sha512-53ElVDSnZeFUUFIYzI8WLQ25IhWzb6vbddNp8UHlXQyU0ET2RhV5zg0NfubzU7iNMh5bBXb0htCzfvrSVNgzaQ=="
        },
        "fs": {
            "version": "0.0.1-security",
            "resolved": "https://registry.npmjs.org/fs/-/fs-0.0.1-security.tgz",
            "integrity": "sha1-invTcYa23d84E/I4WLV+yq9eQdQ="
        },
        "node": {
            "version": "11.0.0",
            "resolved": "https://registry.npmjs.org/node/-/node-11.0.0.tgz",
            "integrity": "sha512-dD98lA8LETGcjwDEQ3/g2VaB0YaWZmPoDrKZFt7NJU4t24bbqy/apZ+5MZ6dfyCoy3Lwx80k+0Fq9glj+LEzkw==",
            "requires": {
                "node-bin-setup": "^1.0.0"
            }
        },
        "node-bin-setup": {
            "version": "1.0.6",
            "resolved": "https://registry.npmjs.org/node-bin-setup/-/node-bin-setup-1.0.6.tgz",
            "integrity": "sha512-uPIxXNis1CRbv1DwqAxkgBk5NFV3s7cMN/Gf556jSw6jBvV7ca4F9lRL/8cALcZecRibeqU+5dFYqFFmzv5a0Q=="
        }
    }
}
