PODS:
  - boost-for-react-native (1.63.0)
  - BVLinearGradient (2.5.6):
    - React
  - DoubleConversion (1.1.6)
  - Folly (2018.10.22.00):
    - boost-for-react-native
    - DoubleConversion
    - Folly/Default (= 2018.10.22.00)
    - glog
  - Folly/Default (2018.10.22.00):
    - boost-for-react-native
    - DoubleConversion
    - glog
  - glog (0.3.5)
  - React (0.60.6):
    - React-Core (= 0.60.6)
    - React-DevSupport (= 0.60.6)
    - React-RCTActionSheet (= 0.60.6)
    - React-RCTAnimation (= 0.60.6)
    - React-RCTBlob (= 0.60.6)
    - React-RCTImage (= 0.60.6)
    - React-RCTLinking (= 0.60.6)
    - React-RCTNetwork (= 0.60.6)
    - React-RCTSettings (= 0.60.6)
    - React-RCTText (= 0.60.6)
    - React-RCTVibration (= 0.60.6)
    - React-RCTWebSocket (= 0.60.6)
  - React-Core (0.60.6):
    - Folly (= 2018.10.22.00)
    - React-cxxreact (= 0.60.6)
    - React-jsiexecutor (= 0.60.6)
    - yoga (= 0.60.6.React)
  - React-cxxreact (0.60.6):
    - boost-for-react-native (= 1.63.0)
    - DoubleConversion
    - Folly (= 2018.10.22.00)
    - glog
    - React-jsinspector (= 0.60.6)
  - React-DevSupport (0.60.6):
    - React-Core (= 0.60.6)
    - React-RCTWebSocket (= 0.60.6)
  - React-jsi (0.60.6):
    - boost-for-react-native (= 1.63.0)
    - DoubleConversion
    - Folly (= 2018.10.22.00)
    - glog
    - React-jsi/Default (= 0.60.6)
  - React-jsi/Default (0.60.6):
    - boost-for-react-native (= 1.63.0)
    - DoubleConversion
    - Folly (= 2018.10.22.00)
    - glog
  - React-jsiexecutor (0.60.6):
    - DoubleConversion
    - Folly (= 2018.10.22.00)
    - glog
    - React-cxxreact (= 0.60.6)
    - React-jsi (= 0.60.6)
  - React-jsinspector (0.60.6)
  - react-native-blur (0.8.0):
    - React
  - react-native-camera (2.11.2):
    - React
    - react-native-camera/RCT (= 2.11.2)
    - react-native-camera/RN (= 2.11.2)
  - react-native-camera/RCT (2.11.2):
    - React
  - react-native-camera/RN (2.11.2):
    - React
  - react-native-fingerprint-scanner (6.0.0):
    - React
  - react-native-randombytes (3.6.0):
    - React-Core
  - react-native-slider (1.1.4):
    - React
  - react-native-udp (2.7.0):
    - React
  - react-native-uuid-generator (6.1.1):
    - React
  - react-native-version-number (0.3.6):
    - React
  - react-native-view-shot (3.1.2):
    - React
  - react-native-webview (11.4.6):
    - React-Core
  - React-RCTActionSheet (0.60.6):
    - React-Core (= 0.60.6)
  - React-RCTAnimation (0.60.6):
    - React-Core (= 0.60.6)
  - React-RCTBlob (0.60.6):
    - React-Core (= 0.60.6)
    - React-RCTNetwork (= 0.60.6)
    - React-RCTWebSocket (= 0.60.6)
  - React-RCTImage (0.60.6):
    - React-Core (= 0.60.6)
    - React-RCTNetwork (= 0.60.6)
  - React-RCTLinking (0.60.6):
    - React-Core (= 0.60.6)
  - React-RCTNetwork (0.60.6):
    - React-Core (= 0.60.6)
  - React-RCTSettings (0.60.6):
    - React-Core (= 0.60.6)
  - React-RCTText (0.60.6):
    - React-Core (= 0.60.6)
  - React-RCTVibration (0.60.6):
    - React-Core (= 0.60.6)
  - React-RCTWebSocket (0.60.6):
    - React-Core (= 0.60.6)
  - RNCAsyncStorage (1.12.1):
    - React-Core
  - RNDeviceInfo (5.6.5):
    - React
  - RNFS (2.16.6):
    - React
  - RNGestureHandler (1.3.0):
    - React
  - RNI18n (2.0.15):
    - React
  - RNOS (1.2.6):
    - React
  - RNScreens (1.0.0-alpha.23):
    - React
  - RNSecureStorage (1.0.82):
    - React
  - RNShare (3.3.3):
    - React
  - RNSpringScrollView (2.0.23):
    - React
  - RNSVG (9.13.6):
    - React
  - RNVectorIcons (6.7.0):
    - React
  - TcpSockets (3.3.2):
    - React
  - toolbar-android (0.1.0-rc.2):
    - React
  - yoga (0.60.6.React)

DEPENDENCIES:
  - BVLinearGradient (from `../node_modules/react-native-linear-gradient`)
  - DoubleConversion (from `../node_modules/react-native/third-party-podspecs/DoubleConversion.podspec`)
  - Folly (from `../node_modules/react-native/third-party-podspecs/Folly.podspec`)
  - glog (from `../node_modules/react-native/third-party-podspecs/glog.podspec`)
  - React (from `../node_modules/react-native/`)
  - React-Core (from `../node_modules/react-native/React`)
  - React-cxxreact (from `../node_modules/react-native/ReactCommon/cxxreact`)
  - React-DevSupport (from `../node_modules/react-native/React`)
  - React-jsi (from `../node_modules/react-native/ReactCommon/jsi`)
  - React-jsiexecutor (from `../node_modules/react-native/ReactCommon/jsiexecutor`)
  - React-jsinspector (from `../node_modules/react-native/ReactCommon/jsinspector`)
  - "react-native-blur (from `../node_modules/@react-native-community/blur`)"
  - react-native-camera (from `../node_modules/react-native-camera`)
  - react-native-fingerprint-scanner (from `../node_modules/react-native-fingerprint-scanner`)
  - react-native-randombytes (from `../node_modules/react-native-randombytes`)
  - "react-native-slider (from `../node_modules/@react-native-community/slider`)"
  - react-native-udp (from `../node_modules/react-native-udp`)
  - react-native-uuid-generator (from `../node_modules/react-native-uuid-generator`)
  - react-native-version-number (from `../node_modules/react-native-version-number`)
  - react-native-view-shot (from `../node_modules/react-native-view-shot`)
  - react-native-webview (from `../node_modules/react-native-webview`)
  - React-RCTActionSheet (from `../node_modules/react-native/Libraries/ActionSheetIOS`)
  - React-RCTAnimation (from `../node_modules/react-native/Libraries/NativeAnimation`)
  - React-RCTBlob (from `../node_modules/react-native/Libraries/Blob`)
  - React-RCTImage (from `../node_modules/react-native/Libraries/Image`)
  - React-RCTLinking (from `../node_modules/react-native/Libraries/LinkingIOS`)
  - React-RCTNetwork (from `../node_modules/react-native/Libraries/Network`)
  - React-RCTSettings (from `../node_modules/react-native/Libraries/Settings`)
  - React-RCTText (from `../node_modules/react-native/Libraries/Text`)
  - React-RCTVibration (from `../node_modules/react-native/Libraries/Vibration`)
  - React-RCTWebSocket (from `../node_modules/react-native/Libraries/WebSocket`)
  - "RNCAsyncStorage (from `../node_modules/@react-native-community/async-storage`)"
  - RNDeviceInfo (from `../node_modules/react-native-device-info`)
  - RNFS (from `../node_modules/react-native-fs`)
  - RNGestureHandler (from `../node_modules/react-native-gesture-handler`)
  - RNI18n (from `../node_modules/react-native-i18n`)
  - RNOS (from `../node_modules/react-native-os`)
  - RNScreens (from `../node_modules/react-native-screens`)
  - RNSecureStorage (from `../node_modules/rn-secure-storage/ios`)
  - RNShare (from `../node_modules/react-native-share`)
  - RNSpringScrollView (from `../node_modules/react-native-spring-scrollview/ios`)
  - RNSVG (from `../node_modules/react-native-svg`)
  - RNVectorIcons (from `../node_modules/react-native-vector-icons`)
  - TcpSockets (from `../node_modules/react-native-tcp`)
  - "toolbar-android (from `../node_modules/@react-native-community/toolbar-android`)"
  - yoga (from `../node_modules/react-native/ReactCommon/yoga`)

SPEC REPOS:
  trunk:
    - boost-for-react-native

EXTERNAL SOURCES:
  BVLinearGradient:
    :path: "../node_modules/react-native-linear-gradient"
  DoubleConversion:
    :podspec: "../node_modules/react-native/third-party-podspecs/DoubleConversion.podspec"
  Folly:
    :podspec: "../node_modules/react-native/third-party-podspecs/Folly.podspec"
  glog:
    :podspec: "../node_modules/react-native/third-party-podspecs/glog.podspec"
  React:
    :path: "../node_modules/react-native/"
  React-Core:
    :path: "../node_modules/react-native/React"
  React-cxxreact:
    :path: "../node_modules/react-native/ReactCommon/cxxreact"
  React-DevSupport:
    :path: "../node_modules/react-native/React"
  React-jsi:
    :path: "../node_modules/react-native/ReactCommon/jsi"
  React-jsiexecutor:
    :path: "../node_modules/react-native/ReactCommon/jsiexecutor"
  React-jsinspector:
    :path: "../node_modules/react-native/ReactCommon/jsinspector"
  react-native-blur:
    :path: "../node_modules/@react-native-community/blur"
  react-native-camera:
    :path: "../node_modules/react-native-camera"
  react-native-fingerprint-scanner:
    :path: "../node_modules/react-native-fingerprint-scanner"
  react-native-randombytes:
    :path: "../node_modules/react-native-randombytes"
  react-native-slider:
    :path: "../node_modules/@react-native-community/slider"
  react-native-udp:
    :path: "../node_modules/react-native-udp"
  react-native-uuid-generator:
    :path: "../node_modules/react-native-uuid-generator"
  react-native-version-number:
    :path: "../node_modules/react-native-version-number"
  react-native-view-shot:
    :path: "../node_modules/react-native-view-shot"
  react-native-webview:
    :path: "../node_modules/react-native-webview"
  React-RCTActionSheet:
    :path: "../node_modules/react-native/Libraries/ActionSheetIOS"
  React-RCTAnimation:
    :path: "../node_modules/react-native/Libraries/NativeAnimation"
  React-RCTBlob:
    :path: "../node_modules/react-native/Libraries/Blob"
  React-RCTImage:
    :path: "../node_modules/react-native/Libraries/Image"
  React-RCTLinking:
    :path: "../node_modules/react-native/Libraries/LinkingIOS"
  React-RCTNetwork:
    :path: "../node_modules/react-native/Libraries/Network"
  React-RCTSettings:
    :path: "../node_modules/react-native/Libraries/Settings"
  React-RCTText:
    :path: "../node_modules/react-native/Libraries/Text"
  React-RCTVibration:
    :path: "../node_modules/react-native/Libraries/Vibration"
  React-RCTWebSocket:
    :path: "../node_modules/react-native/Libraries/WebSocket"
  RNCAsyncStorage:
    :path: "../node_modules/@react-native-community/async-storage"
  RNDeviceInfo:
    :path: "../node_modules/react-native-device-info"
  RNFS:
    :path: "../node_modules/react-native-fs"
  RNGestureHandler:
    :path: "../node_modules/react-native-gesture-handler"
  RNI18n:
    :path: "../node_modules/react-native-i18n"
  RNOS:
    :path: "../node_modules/react-native-os"
  RNScreens:
    :path: "../node_modules/react-native-screens"
  RNSecureStorage:
    :path: "../node_modules/rn-secure-storage/ios"
  RNShare:
    :path: "../node_modules/react-native-share"
  RNSpringScrollView:
    :path: "../node_modules/react-native-spring-scrollview/ios"
  RNSVG:
    :path: "../node_modules/react-native-svg"
  RNVectorIcons:
    :path: "../node_modules/react-native-vector-icons"
  TcpSockets:
    :path: "../node_modules/react-native-tcp"
  toolbar-android:
    :path: "../node_modules/@react-native-community/toolbar-android"
  yoga:
    :path: "../node_modules/react-native/ReactCommon/yoga"

SPEC CHECKSUMS:
  boost-for-react-native: 39c7adb57c4e60d6c5479dd8623128eb5b3f0f2c
  BVLinearGradient: e3aad03778a456d77928f594a649e96995f1c872
  DoubleConversion: 5805e889d232975c086db112ece9ed034df7a0b2
  Folly: 30e7936e1c45c08d884aa59369ed951a8e68cf51
  glog: 1f3da668190260b06b429bb211bfbee5cd790c28
  React: 68e7f8dfc27729eade18423072a143120f2f32ab
  React-Core: fc9dace551f6c8c1007dd2d3cb1bc10c90a01d3e
  React-cxxreact: abe59014fce932d41a08bf1aa5dcad9ca8f0a2c5
  React-DevSupport: b0da2fd9ad4ffb25561bf2a328ab84f78f871bdd
  React-jsi: 1a4248256b96fa453536a8dafe11b784e24e789d
  React-jsiexecutor: 2279e559b921d02dfc6253ebef3dcb3a9dc6c07e
  React-jsinspector: a58b86545a0185f69768e78ac96ca9fe43fa3694
  react-native-blur: cad4d93b364f91e7b7931b3fa935455487e5c33c
  react-native-camera: b5e6e34586ca6f588b0c736dcabfe0aad5ce2f3e
  react-native-fingerprint-scanner: ac6656f18c8e45a7459302b84da41a44ad96dbbe
  react-native-randombytes: b6677f7d495c27e9ee0dbd77ebc97b3c59173729
  react-native-slider: 754abcdae695545c5875c2150cb2a502d24b7bed
  react-native-udp: ff9d13e523f2b58e6bc5d4d32321ac60671b5dc9
  react-native-uuid-generator: 82ffa2a1cac94242ebed52c4dedc5044d3412717
  react-native-version-number: b415bbec6a13f2df62bf978e85bc0d699462f37f
  react-native-view-shot: 4475fde003fe8a210053d1f98fb9e06c1d834e1c
  react-native-webview: 13aae0eb21f73309228129f8ecd726604010d415
  React-RCTActionSheet: 49f6a67a7efa6688f637296383d453b97ef13645
  React-RCTAnimation: e8047438b2927ebbe630bbf600c7309374075df3
  React-RCTBlob: 2c4b28daca5b3e6e356706d8e0c7436a0e8ef492
  React-RCTImage: 273501f0529775962551613259c20ccdf1a87cd2
  React-RCTLinking: 76c88b3cc98657915a2ba2f20d208e44d0530a43
  React-RCTNetwork: 77c11e672ccdcc33da5d047705f100b016497b15
  React-RCTSettings: f727c25ad26a8a9bd7272a8ba93781bd1f53952a
  React-RCTText: d91537e29e38dc69cf09cbca0875cf5dc7402da6
  React-RCTVibration: 7655d72dfb919dd6d8e135ca108a5a2bd9fcd7b4
  React-RCTWebSocket: 7cd2c8d0f8ddd680dc76404defba7ab1f56b83af
  RNCAsyncStorage: b03032fdbdb725bea0bd9e5ec5a7272865ae7398
  RNDeviceInfo: c5f8f3a456adcbba405ace475254b08febc4c095
  RNFS: 2bd9eb49dc82fa9676382f0585b992c424cd59df
  RNGestureHandler: 5329a942fce3d41c68b84c2c2276ce06a696d8b0
  RNI18n: e2f7e76389fcc6e84f2c8733ea89b92502351fd8
  RNOS: 6f2f9a70895bbbfbdad7196abd952e7b01d45027
  RNScreens: f28b48b8345f2f5f39ed6195518291515032a788
  RNSecureStorage: 8b2b07278d80c48b3a881c56e604ab147372f243
  RNShare: f4ec422e27904e0dc9310038d1110460a59ad30d
  RNSpringScrollView: 8b0af44fda8b131d845b93bf5b1d0710152e4e61
  RNSVG: 8ba35cbeb385a52fd960fd28db9d7d18b4c2974f
  RNVectorIcons: 368d6d8b8301224e5ffb6254191f4f8876c2be0d
  TcpSockets: 14306fb79f9750ea7d2ddd02d8bed182abb01797
  toolbar-android: 85f3ef4d691469f2d304e7dee4bca013aa1ba1ff
  yoga: 5079887aa3e4c62142d6bcee493022643ee4d730

PODFILE CHECKSUM: 4fa41e51d75cdaa6c94b7977d4088dff4b5c2db3

COCOAPODS: 1.10.1
